
Microsoft Visual Studio Solution File, Format Version 12.00
# Visual Studio 15
Project("{FAE04EC0-301F-11D3-BF4B-00C04F79EFBC}") = "csharp-prac", "csharp-prac.csproj", "{0669A7E6-0453-43C0-83BE-BC250E632348}"
EndProject
Global
	GlobalSection(SolutionConfigurationPlatforms) = preSolution
		Debug|Any CPU = Debug|Any CPU
		Release|Any CPU = Release|Any CPU
	EndGlobalSection
	GlobalSection(ProjectConfigurationPlatforms) = postSolution
		{0669A7E6-0453-43C0-83BE-BC250E632348}.Debug|Any CPU.ActiveCfg = Debug|Any CPU
		{0669A7E6-0453-43C0-83BE-BC250E632348}.Debug|Any CPU.Build.0 = Debug|Any CPU
		{0669A7E6-0453-43C0-83BE-BC250E632348}.Release|Any CPU.ActiveCfg = Release|Any CPU
		{0669A7E6-0453-43C0-83BE-BC250E632348}.Release|Any CPU.Build.0 = Release|Any CPU
	EndGlobalSection
EndGlobal
